
Microsoft Visual Studio Solution File, Format Version 11.00
# Visual Studio 2010
Project("{8BC9CEB8-8B4A-11D0-8D11-00A0C91BC942}") = "boxedwine", "boxedwine\boxedwine.vcxproj", "{7278EB10-E3C2-4CB1-B008-6465B977A84A}"
EndProject
Project("{8BC9CEB8-8B4A-11D0-8D11-00A0C91BC942}") = "kernel32", "kernel32\kernel32.vcxproj", "{5392268C-99F1-41FC-8697-09027ED111AA}"
EndProject
Project("{8BC9CEB8-8B4A-11D0-8D11-00A0C91BC942}") = "user32", "user32\user32.vcxproj", "{CBF4B158-DBC6-449C-BB55-8B8BE3FBE861}"
EndProject
Project("{8BC9CEB8-8B4A-11D0-8D11-00A0C91BC942}") = "ntdll", "ntdll\ntdll.vcxproj", "{701B962C-9D0C-4553-862A-76EE97A18FFF}"
EndProject
Project("{8BC9CEB8-8B4A-11D0-8D11-00A0C91BC942}") = "usp10", "usp10\usp10.vcxproj", "{BC7AF65F-5B21-4267-81E5-1C0A9CF8F545}"
EndProject
Project("{8BC9CEB8-8B4A-11D0-8D11-00A0C91BC942}") = "gdi32", "gdi32\gdi32.vcxproj", "{AB8247B1-505D-4FB6-8C9F-F1773972E749}"
EndProject
Project("{8BC9CEB8-8B4A-11D0-8D11-00A0C91BC942}") = "advapi32", "advapi32\advapi32.vcxproj", "{40517A7D-E93E-4FF0-9976-71F51923081F}"
EndProject
Project("{8BC9CEB8-8B4A-11D0-8D11-00A0C91BC942}") = "doshal", "doshal\doshal.vcxproj", "{9A7980BE-A4C8-4CE9-8390-BD43975A7A4E}"
EndProject
Project("{8BC9CEB8-8B4A-11D0-8D11-00A0C91BC942}") = "rpcrt4", "rpcrt4\rpcrt4.vcxproj", "{A6DB47D6-CFFE-4AA6-AE43-E6C6E8DC9A2A}"
EndProject
Project("{8BC9CEB8-8B4A-11D0-8D11-00A0C91BC942}") = "imm32", "imm32\imm32.vcxproj", "{9FD5F533-7019-4E24-8E7C-FCD392748DEA}"
EndProject
Project("{8BC9CEB8-8B4A-11D0-8D11-00A0C91BC942}") = "version", "version\version.vcxproj", "{88556132-742B-49B9-A9CA-802FC526EBB4}"
EndProject
Project("{8BC9CEB8-8B4A-11D0-8D11-00A0C91BC942}") = "wine", "wine\wine.vcxproj", "{7DA37BC1-32F5-4884-BB1B-9E92BE819C20}"
EndProject
Project("{8BC9CEB8-8B4A-11D0-8D11-00A0C91BC942}") = "winecrt", "winecrt\winecrt.vcxproj", "{46B0FBBE-9E69-4F4A-973D-375740F71253}"
EndProject
Project("{8BC9CEB8-8B4A-11D0-8D11-00A0C91BC942}") = "libwine", "libwine\libwine.vcxproj", "{BE5E5997-70DF-4374-B609-90AA11B9DC36}"
EndProject
Project("{8BC9CEB8-8B4A-11D0-8D11-00A0C91BC942}") = "wineserver", "wineserver\wineserver.vcxproj", "{56E23E10-2FDE-49B1-B1A6-86A83B4BF366}"
EndProject
Global
	GlobalSection(SolutionConfigurationPlatforms) = preSolution
		Debug|Win32 = Debug|Win32
		Release|Win32 = Release|Win32
	EndGlobalSection
	GlobalSection(ProjectConfigurationPlatforms) = postSolution
		{7278EB10-E3C2-4CB1-B008-6465B977A84A}.Debug|Win32.ActiveCfg = Debug|Win32
		{7278EB10-E3C2-4CB1-B008-6465B977A84A}.Debug|Win32.Build.0 = Debug|Win32
		{7278EB10-E3C2-4CB1-B008-6465B977A84A}.Release|Win32.ActiveCfg = Release|Win32
		{7278EB10-E3C2-4CB1-B008-6465B977A84A}.Release|Win32.Build.0 = Release|Win32
		{5392268C-99F1-41FC-8697-09027ED111AA}.Debug|Win32.ActiveCfg = Debug|Win32
		{5392268C-99F1-41FC-8697-09027ED111AA}.Debug|Win32.Build.0 = Debug|Win32
		{5392268C-99F1-41FC-8697-09027ED111AA}.Release|Win32.ActiveCfg = Release|Win32
		{5392268C-99F1-41FC-8697-09027ED111AA}.Release|Win32.Build.0 = Release|Win32
		{CBF4B158-DBC6-449C-BB55-8B8BE3FBE861}.Debug|Win32.ActiveCfg = Debug|Win32
		{CBF4B158-DBC6-449C-BB55-8B8BE3FBE861}.Debug|Win32.Build.0 = Debug|Win32
		{CBF4B158-DBC6-449C-BB55-8B8BE3FBE861}.Release|Win32.ActiveCfg = Release|Win32
		{CBF4B158-DBC6-449C-BB55-8B8BE3FBE861}.Release|Win32.Build.0 = Release|Win32
		{701B962C-9D0C-4553-862A-76EE97A18FFF}.Debug|Win32.ActiveCfg = Debug|Win32
		{701B962C-9D0C-4553-862A-76EE97A18FFF}.Debug|Win32.Build.0 = Debug|Win32
		{701B962C-9D0C-4553-862A-76EE97A18FFF}.Release|Win32.ActiveCfg = Release|Win32
		{701B962C-9D0C-4553-862A-76EE97A18FFF}.Release|Win32.Build.0 = Release|Win32
		{BC7AF65F-5B21-4267-81E5-1C0A9CF8F545}.Debug|Win32.ActiveCfg = Debug|Win32
		{BC7AF65F-5B21-4267-81E5-1C0A9CF8F545}.Debug|Win32.Build.0 = Debug|Win32
		{BC7AF65F-5B21-4267-81E5-1C0A9CF8F545}.Release|Win32.ActiveCfg = Release|Win32
		{BC7AF65F-5B21-4267-81E5-1C0A9CF8F545}.Release|Win32.Build.0 = Release|Win32
		{AB8247B1-505D-4FB6-8C9F-F1773972E749}.Debug|Win32.ActiveCfg = Debug|Win32
		{AB8247B1-505D-4FB6-8C9F-F1773972E749}.Debug|Win32.Build.0 = Debug|Win32
		{AB8247B1-505D-4FB6-8C9F-F1773972E749}.Release|Win32.ActiveCfg = Release|Win32
		{AB8247B1-505D-4FB6-8C9F-F1773972E749}.Release|Win32.Build.0 = Release|Win32
		{40517A7D-E93E-4FF0-9976-71F51923081F}.Debug|Win32.ActiveCfg = Debug|Win32
		{40517A7D-E93E-4FF0-9976-71F51923081F}.Debug|Win32.Build.0 = Debug|Win32
		{40517A7D-E93E-4FF0-9976-71F51923081F}.Release|Win32.ActiveCfg = Release|Win32
		{40517A7D-E93E-4FF0-9976-71F51923081F}.Release|Win32.Build.0 = Release|Win32
		{9A7980BE-A4C8-4CE9-8390-BD43975A7A4E}.Debug|Win32.ActiveCfg = Debug|Win32
		{9A7980BE-A4C8-4CE9-8390-BD43975A7A4E}.Debug|Win32.Build.0 = Debug|Win32
		{9A7980BE-A4C8-4CE9-8390-BD43975A7A4E}.Release|Win32.ActiveCfg = Release|Win32
		{9A7980BE-A4C8-4CE9-8390-BD43975A7A4E}.Release|Win32.Build.0 = Release|Win32
		{A6DB47D6-CFFE-4AA6-AE43-E6C6E8DC9A2A}.Debug|Win32.ActiveCfg = Debug|Win32
		{A6DB47D6-CFFE-4AA6-AE43-E6C6E8DC9A2A}.Debug|Win32.Build.0 = Debug|Win32
		{A6DB47D6-CFFE-4AA6-AE43-E6C6E8DC9A2A}.Release|Win32.ActiveCfg = Release|Win32
		{A6DB47D6-CFFE-4AA6-AE43-E6C6E8DC9A2A}.Release|Win32.Build.0 = Release|Win32
		{9FD5F533-7019-4E24-8E7C-FCD392748DEA}.Debug|Win32.ActiveCfg = Debug|Win32
		{9FD5F533-7019-4E24-8E7C-FCD392748DEA}.Debug|Win32.Build.0 = Debug|Win32
		{9FD5F533-7019-4E24-8E7C-FCD392748DEA}.Release|Win32.ActiveCfg = Release|Win32
		{9FD5F533-7019-4E24-8E7C-FCD392748DEA}.Release|Win32.Build.0 = Release|Win32
		{88556132-742B-49B9-A9CA-802FC526EBB4}.Debug|Win32.ActiveCfg = Debug|Win32
		{88556132-742B-49B9-A9CA-802FC526EBB4}.Debug|Win32.Build.0 = Debug|Win32
		{88556132-742B-49B9-A9CA-802FC526EBB4}.Release|Win32.ActiveCfg = Release|Win32
		{88556132-742B-49B9-A9CA-802FC526EBB4}.Release|Win32.Build.0 = Release|Win32
		{7DA37BC1-32F5-4884-BB1B-9E92BE819C20}.Debug|Win32.ActiveCfg = Debug|Win32
		{7DA37BC1-32F5-4884-BB1B-9E92BE819C20}.Debug|Win32.Build.0 = Debug|Win32
		{7DA37BC1-32F5-4884-BB1B-9E92BE819C20}.Release|Win32.ActiveCfg = Release|Win32
		{7DA37BC1-32F5-4884-BB1B-9E92BE819C20}.Release|Win32.Build.0 = Release|Win32
		{46B0FBBE-9E69-4F4A-973D-375740F71253}.Debug|Win32.ActiveCfg = Debug|Win32
		{46B0FBBE-9E69-4F4A-973D-375740F71253}.Debug|Win32.Build.0 = Debug|Win32
		{46B0FBBE-9E69-4F4A-973D-375740F71253}.Release|Win32.ActiveCfg = Release|Win32
		{46B0FBBE-9E69-4F4A-973D-375740F71253}.Release|Win32.Build.0 = Release|Win32
		{BE5E5997-70DF-4374-B609-90AA11B9DC36}.Debug|Win32.ActiveCfg = Debug|Win32
		{BE5E5997-70DF-4374-B609-90AA11B9DC36}.Debug|Win32.Build.0 = Debug|Win32
		{BE5E5997-70DF-4374-B609-90AA11B9DC36}.Release|Win32.ActiveCfg = Release|Win32
		{BE5E5997-70DF-4374-B609-90AA11B9DC36}.Release|Win32.Build.0 = Release|Win32
		{56E23E10-2FDE-49B1-B1A6-86A83B4BF366}.Debug|Win32.ActiveCfg = Debug|Win32
		{56E23E10-2FDE-49B1-B1A6-86A83B4BF366}.Debug|Win32.Build.0 = Debug|Win32
		{56E23E10-2FDE-49B1-B1A6-86A83B4BF366}.Release|Win32.ActiveCfg = Release|Win32
		{56E23E10-2FDE-49B1-B1A6-86A83B4BF366}.Release|Win32.Build.0 = Release|Win32
	EndGlobalSection
	GlobalSection(SolutionProperties) = preSolution
		HideSolutionNode = FALSE
	EndGlobalSection
EndGlobal
