<?xml version="1.0" encoding="utf-8"?>
<Project ToolsVersion="4.0" xmlns="http://schemas.microsoft.com/developer/msbuild/2003">
  <ItemGroup>
    <Filter Include="Source Files">
      <UniqueIdentifier>{4FC737F1-C7A5-4376-A066-2A32D752A2FF}</UniqueIdentifier>
      <Extensions>cpp;c;cc;cxx;def;odl;idl;hpj;bat;asm;asmx</Extensions>
    </Filter>
    <Filter Include="Header Files">
      <UniqueIdentifier>{93995380-89BD-4b04-88EB-625FBE52EBFB}</UniqueIdentifier>
      <Extensions>h;hpp;hxx;hm;inl;inc;xsd</Extensions>
    </Filter>
    <Filter Include="Resource Files">
      <UniqueIdentifier>{67DA6AB6-F800-4c08-8B7A-83BB121AAD01}</UniqueIdentifier>
      <Extensions>rc;ico;cur;bmp;dlg;rc2;rct;bin;rgs;gif;jpg;jpeg;jpe;resx;tiff;tif;png;wav;mfcribbon-ms</Extensions>
    </Filter>
    <Filter Include="Source Files\emulation">
      <UniqueIdentifier>{5886f0ec-e718-4721-809e-c0e0a0251f12}</UniqueIdentifier>
    </Filter>
    <Filter Include="Source Files\kernel">
      <UniqueIdentifier>{cf519c7d-7df8-4d29-bc3e-340703b94113}</UniqueIdentifier>
    </Filter>
    <Filter Include="Source Files\sdl">
      <UniqueIdentifier>{bd217ba4-7525-41ab-b16f-dec7ffab70b1}</UniqueIdentifier>
    </Filter>
    <Filter Include="Source Files\util">
      <UniqueIdentifier>{a46efb4c-32e6-49d5-939c-bb27640237c1}</UniqueIdentifier>
    </Filter>
    <Filter Include="Source Files\test">
      <UniqueIdentifier>{4dfc6a8c-fd6e-4311-802a-cd8118514898}</UniqueIdentifier>
    </Filter>
    <Filter Include="Source Files\io">
      <UniqueIdentifier>{ee7fb443-b868-4e80-9ec4-45153408d6f3}</UniqueIdentifier>
    </Filter>
  </ItemGroup>
  <ItemGroup>
    <ClInclude Include="..\..\..\..\include\block.h">
      <Filter>Header Files</Filter>
    </ClInclude>
    <ClInclude Include="..\..\..\..\include\cpu.h">
      <Filter>Header Files</Filter>
    </ClInclude>
    <ClInclude Include="..\..\..\..\include\decoder.h">
      <Filter>Header Files</Filter>
    </ClInclude>
    <ClInclude Include="..\..\..\..\include\ea.h">
      <Filter>Header Files</Filter>
    </ClInclude>
    <ClInclude Include="..\..\..\..\include\fpu.h">
      <Filter>Header Files</Filter>
    </ClInclude>
    <ClInclude Include="..\..\..\..\include\kprocess.h">
      <Filter>Header Files</Filter>
    </ClInclude>
    <ClInclude Include="..\..\..\..\include\kscheduler.h">
      <Filter>Header Files</Filter>
    </ClInclude>
    <ClInclude Include="..\..\..\..\include\kthread.h">
      <Filter>Header Files</Filter>
    </ClInclude>
    <ClInclude Include="..\..\..\..\include\log.h">
      <Filter>Header Files</Filter>
    </ClInclude>
    <ClInclude Include="..\..\..\..\include\memory.h">
      <Filter>Header Files</Filter>
    </ClInclude>
    <ClInclude Include="..\..\..\..\include\op.h">
      <Filter>Header Files</Filter>
    </ClInclude>
    <ClInclude Include="..\..\..\..\include\page.h">
      <Filter>Header Files</Filter>
    </ClInclude>
    <ClInclude Include="..\..\..\..\include\platform.h">
      <Filter>Header Files</Filter>
    </ClInclude>
    <ClInclude Include="..\..\..\..\include\ram.h">
      <Filter>Header Files</Filter>
    </ClInclude>
    <ClInclude Include="..\..\..\..\include\reg.h">
      <Filter>Header Files</Filter>
    </ClInclude>
    <ClInclude Include="..\..\..\..\include\node.h">
      <Filter>Header Files</Filter>
    </ClInclude>
    <ClInclude Include="..\..\..\..\include\filepath.h">
      <Filter>Header Files</Filter>
    </ClInclude>
    <ClInclude Include="..\..\..\..\include\filesystem.h">
      <Filter>Header Files</Filter>
    </ClInclude>
    <ClInclude Include="..\..\..\..\include\nodeType.h">
      <Filter>Header Files</Filter>
    </ClInclude>
    <ClInclude Include="..\..\..\..\include\karray.h">
      <Filter>Header Files</Filter>
    </ClInclude>
    <ClInclude Include="..\..\..\..\include\ksystem.h">
      <Filter>Header Files</Filter>
    </ClInclude>
    <ClInclude Include="..\..\..\..\source\emulation\ops.h">
      <Filter>Source Files\emulation</Filter>
    </ClInclude>
    <ClInclude Include="..\..\..\..\source\emulation\fpu.h">
      <Filter>Source Files\emulation</Filter>
    </ClInclude>
    <ClInclude Include="..\..\..\..\include\kstring.h">
      <Filter>Header Files</Filter>
    </ClInclude>
    <ClInclude Include="..\..\..\..\include\pathutils.h">
      <Filter>Header Files</Filter>
    </ClInclude>
  </ItemGroup>
  <ItemGroup>
    <ClCompile Include="..\..\..\..\source\emulation\cpu.c">
      <Filter>Source Files\emulation</Filter>
    </ClCompile>
    <ClCompile Include="..\..\..\..\source\emulation\decoder.c">
      <Filter>Source Files\emulation</Filter>
    </ClCompile>
    <ClCompile Include="..\..\..\..\source\emulation\memory.c">
      <Filter>Source Files\emulation</Filter>
    </ClCompile>
    <ClCompile Include="..\..\..\..\source\emulation\ram.c">
      <Filter>Source Files\emulation</Filter>
    </ClCompile>
    <ClCompile Include="..\..\..\..\source\kernel\kprocess.c">
      <Filter>Source Files\kernel</Filter>
    </ClCompile>
    <ClCompile Include="..\..\..\..\source\kernel\kscheduler.c">
      <Filter>Source Files\kernel</Filter>
    </ClCompile>
    <ClCompile Include="..\..\..\..\source\kernel\kthread.c">
      <Filter>Source Files\kernel</Filter>
    </ClCompile>
    <ClCompile Include="..\..\..\..\source\kernel\syscall.c">
      <Filter>Source Files\kernel</Filter>
    </ClCompile>
    <ClCompile Include="..\..\..\..\source\sdl\main.c">
      <Filter>Source Files\sdl</Filter>
    </ClCompile>
    <ClCompile Include="..\..\..\..\source\util\log.c">
      <Filter>Source Files\util</Filter>
    </ClCompile>
    <ClCompile Include="..\..\..\..\source\test\testCPU.c">
      <Filter>Source Files\test</Filter>
    </ClCompile>
    <ClCompile Include="..\..\..\..\source\io\node.c">
      <Filter>Source Files\io</Filter>
    </ClCompile>
    <ClCompile Include="..\..\..\..\source\io\filesystem.c">
      <Filter>Source Files\io</Filter>
    </ClCompile>
    <ClCompile Include="..\..\..\..\source\util\karray.c">
      <Filter>Source Files\util</Filter>
    </ClCompile>
    <ClCompile Include="..\..\..\..\source\kernel\ksystem.c">
      <Filter>Source Files\kernel</Filter>
    </ClCompile>
    <ClCompile Include="..\..\..\..\source\util\kstring.c">
      <Filter>Source Files\util</Filter>
    </ClCompile>
    <ClCompile Include="..\..\..\..\source\util\pathutils.c">
      <Filter>Source Files\util</Filter>
    </ClCompile>
  </ItemGroup>
</Project>