
Microsoft Visual Studio Solution File, Format Version 12.00
# Visual Studio 2013
VisualStudioVersion = 12.0.31101.0
MinimumVisualStudioVersion = 10.0.40219.1
Project("{8BC9CEB8-8B4A-11D0-8D11-00A0C91BC942}") = "BoxedWine", "BoxedWine\BoxedWine.vcxproj", "{AB172CEA-C4FE-4F1B-821E-2886B90344CB}"
EndProject
Global
	GlobalSection(SolutionConfigurationPlatforms) = preSolution
		Age of Empires|Win32 = Age of Empires|Win32
		Astroids|Win32 = Astroids|Win32
		Break|Win32 = Break|Win32
		Caesar 3|Win32 = Caesar 3|Win32
		Castle1|Win32 = Castle1|Win32
		Chomp|Win32 = Chomp|Win32
		Civ2|Win32 = Civ2|Win32
		CivNet|Win32 = CivNet|Win32
		Debug Log|Win32 = Debug Log|Win32
		Debug|Win32 = Debug|Win32
		Diablo|Win32 = Diablo|Win32
		Duck|Win32 = Duck|Win32
		ES Debug|Win32 = ES Debug|Win32
		Quake2|Win32 = Quake2|Win32
		Release|Win32 = Release|Win32
		SDL Debug|Win32 = SDL Debug|Win32
		SDL MMU Debug|Win32 = SDL MMU Debug|Win32
		SDL MMU Release|Win32 = SDL MMU Release|Win32
		SDL Release Source Generator|Win32 = SDL Release Source Generator|Win32
		SDL Release|Win32 = SDL Release|Win32
		SimEarth|Win32 = SimEarth|Win32
		SimTower|Win32 = SimTower|Win32
		Ski|Win32 = Ski|Win32
		Sphere|Win32 = Sphere|Win32
		Tempest|Win32 = Tempest|Win32
		Test|Win32 = Test|Win32
	EndGlobalSection
	GlobalSection(ProjectConfigurationPlatforms) = postSolution
		{AB172CEA-C4FE-4F1B-821E-2886B90344CB}.Age of Empires|Win32.ActiveCfg = Age of Empires|Win32
		{AB172CEA-C4FE-4F1B-821E-2886B90344CB}.Age of Empires|Win32.Build.0 = Age of Empires|Win32
		{AB172CEA-C4FE-4F1B-821E-2886B90344CB}.Astroids|Win32.ActiveCfg = Astroids|Win32
		{AB172CEA-C4FE-4F1B-821E-2886B90344CB}.Astroids|Win32.Build.0 = Astroids|Win32
		{AB172CEA-C4FE-4F1B-821E-2886B90344CB}.Break|Win32.ActiveCfg = Break|Win32
		{AB172CEA-C4FE-4F1B-821E-2886B90344CB}.Break|Win32.Build.0 = Break|Win32
		{AB172CEA-C4FE-4F1B-821E-2886B90344CB}.Caesar 3|Win32.ActiveCfg = Caesar 3|Win32
		{AB172CEA-C4FE-4F1B-821E-2886B90344CB}.Caesar 3|Win32.Build.0 = Caesar 3|Win32
		{AB172CEA-C4FE-4F1B-821E-2886B90344CB}.Castle1|Win32.ActiveCfg = Castle1|Win32
		{AB172CEA-C4FE-4F1B-821E-2886B90344CB}.Castle1|Win32.Build.0 = Castle1|Win32
		{AB172CEA-C4FE-4F1B-821E-2886B90344CB}.Chomp|Win32.ActiveCfg = Chomp|Win32
		{AB172CEA-C4FE-4F1B-821E-2886B90344CB}.Chomp|Win32.Build.0 = Chomp|Win32
		{AB172CEA-C4FE-4F1B-821E-2886B90344CB}.Civ2|Win32.ActiveCfg = Civ2|Win32
		{AB172CEA-C4FE-4F1B-821E-2886B90344CB}.Civ2|Win32.Build.0 = Civ2|Win32
		{AB172CEA-C4FE-4F1B-821E-2886B90344CB}.CivNet|Win32.ActiveCfg = CivNet|Win32
		{AB172CEA-C4FE-4F1B-821E-2886B90344CB}.CivNet|Win32.Build.0 = CivNet|Win32
		{AB172CEA-C4FE-4F1B-821E-2886B90344CB}.Debug Log|Win32.ActiveCfg = Debug Log|Win32
		{AB172CEA-C4FE-4F1B-821E-2886B90344CB}.Debug Log|Win32.Build.0 = Debug Log|Win32
		{AB172CEA-C4FE-4F1B-821E-2886B90344CB}.Debug|Win32.ActiveCfg = Debug|Win32
		{AB172CEA-C4FE-4F1B-821E-2886B90344CB}.Debug|Win32.Build.0 = Debug|Win32
		{AB172CEA-C4FE-4F1B-821E-2886B90344CB}.Diablo|Win32.ActiveCfg = Diablo|Win32
		{AB172CEA-C4FE-4F1B-821E-2886B90344CB}.Diablo|Win32.Build.0 = Diablo|Win32
		{AB172CEA-C4FE-4F1B-821E-2886B90344CB}.Duck|Win32.ActiveCfg = Duck|Win32
		{AB172CEA-C4FE-4F1B-821E-2886B90344CB}.Duck|Win32.Build.0 = Duck|Win32
		{AB172CEA-C4FE-4F1B-821E-2886B90344CB}.ES Debug|Win32.ActiveCfg = ES Debug|Win32
		{AB172CEA-C4FE-4F1B-821E-2886B90344CB}.ES Debug|Win32.Build.0 = ES Debug|Win32
		{AB172CEA-C4FE-4F1B-821E-2886B90344CB}.Quake2|Win32.ActiveCfg = Quake2|Win32
		{AB172CEA-C4FE-4F1B-821E-2886B90344CB}.Quake2|Win32.Build.0 = Quake2|Win32
		{AB172CEA-C4FE-4F1B-821E-2886B90344CB}.Release|Win32.ActiveCfg = Release|Win32
		{AB172CEA-C4FE-4F1B-821E-2886B90344CB}.Release|Win32.Build.0 = Release|Win32
		{AB172CEA-C4FE-4F1B-821E-2886B90344CB}.SDL Debug|Win32.ActiveCfg = SDL Debug|Win32
		{AB172CEA-C4FE-4F1B-821E-2886B90344CB}.SDL Debug|Win32.Build.0 = SDL Debug|Win32
		{AB172CEA-C4FE-4F1B-821E-2886B90344CB}.SDL MMU Debug|Win32.ActiveCfg = SDL MMU Debug|Win32
		{AB172CEA-C4FE-4F1B-821E-2886B90344CB}.SDL MMU Debug|Win32.Build.0 = SDL MMU Debug|Win32
		{AB172CEA-C4FE-4F1B-821E-2886B90344CB}.SDL MMU Release|Win32.ActiveCfg = SDL MMU Release|Win32
		{AB172CEA-C4FE-4F1B-821E-2886B90344CB}.SDL MMU Release|Win32.Build.0 = SDL MMU Release|Win32
		{AB172CEA-C4FE-4F1B-821E-2886B90344CB}.SDL Release Source Generator|Win32.ActiveCfg = SDL Release|Win32
		{AB172CEA-C4FE-4F1B-821E-2886B90344CB}.SDL Release Source Generator|Win32.Build.0 = SDL Release|Win32
		{AB172CEA-C4FE-4F1B-821E-2886B90344CB}.SDL Release|Win32.ActiveCfg = SDL Release|Win32
		{AB172CEA-C4FE-4F1B-821E-2886B90344CB}.SDL Release|Win32.Build.0 = SDL Release|Win32
		{AB172CEA-C4FE-4F1B-821E-2886B90344CB}.SimEarth|Win32.ActiveCfg = SimEarth|Win32
		{AB172CEA-C4FE-4F1B-821E-2886B90344CB}.SimEarth|Win32.Build.0 = SimEarth|Win32
		{AB172CEA-C4FE-4F1B-821E-2886B90344CB}.SimTower|Win32.ActiveCfg = SimTower|Win32
		{AB172CEA-C4FE-4F1B-821E-2886B90344CB}.SimTower|Win32.Build.0 = SimTower|Win32
		{AB172CEA-C4FE-4F1B-821E-2886B90344CB}.Ski|Win32.ActiveCfg = Ski|Win32
		{AB172CEA-C4FE-4F1B-821E-2886B90344CB}.Ski|Win32.Build.0 = Ski|Win32
		{AB172CEA-C4FE-4F1B-821E-2886B90344CB}.Sphere|Win32.ActiveCfg = Sphere|Win32
		{AB172CEA-C4FE-4F1B-821E-2886B90344CB}.Sphere|Win32.Build.0 = Sphere|Win32
		{AB172CEA-C4FE-4F1B-821E-2886B90344CB}.Tempest|Win32.ActiveCfg = Tempest|Win32
		{AB172CEA-C4FE-4F1B-821E-2886B90344CB}.Tempest|Win32.Build.0 = Tempest|Win32
		{AB172CEA-C4FE-4F1B-821E-2886B90344CB}.Test|Win32.ActiveCfg = Test|Win32
		{AB172CEA-C4FE-4F1B-821E-2886B90344CB}.Test|Win32.Build.0 = Test|Win32
	EndGlobalSection
	GlobalSection(SolutionProperties) = preSolution
		HideSolutionNode = FALSE
	EndGlobalSection
EndGlobal
