<?xml version="1.0" encoding="utf-8"?>
<Project ToolsVersion="4.0" xmlns="http://schemas.microsoft.com/developer/msbuild/2003">
  <ItemGroup>
    <Filter Include="Source Files">
      <UniqueIdentifier>{4FC737F1-C7A5-4376-A066-2A32D752A2FF}</UniqueIdentifier>
      <Extensions>cpp;c;cc;cxx;def;odl;idl;hpj;bat;asm;asmx</Extensions>
    </Filter>
    <Filter Include="Header Files">
      <UniqueIdentifier>{93995380-89BD-4b04-88EB-625FBE52EBFB}</UniqueIdentifier>
      <Extensions>h;hh;hpp;hxx;hm;inl;inc;xsd</Extensions>
    </Filter>
    <Filter Include="Resource Files">
      <UniqueIdentifier>{67DA6AB6-F800-4c08-8B7A-83BB121AAD01}</UniqueIdentifier>
      <Extensions>rc;ico;cur;bmp;dlg;rc2;rct;bin;rgs;gif;jpg;jpeg;jpe;resx;tiff;tif;png;wav;mfcribbon-ms</Extensions>
    </Filter>
    <Filter Include="Source Files\pbl">
      <UniqueIdentifier>{7679f0d4-195f-4f9e-848f-83c6fefac331}</UniqueIdentifier>
    </Filter>
  </ItemGroup>
  <ItemGroup>
    <ClCompile Include="src\main.c">
      <Filter>Source Files</Filter>
    </ClCompile>
    <ClCompile Include="winecrt.c">
      <Filter>Source Files</Filter>
    </ClCompile>
    <ClCompile Include="src\pbl\pbl.c">
      <Filter>Source Files\pbl</Filter>
    </ClCompile>
    <ClCompile Include="src\pbl\pblCollection.c">
      <Filter>Source Files\pbl</Filter>
    </ClCompile>
    <ClCompile Include="src\pbl\pblhash.c">
      <Filter>Source Files\pbl</Filter>
    </ClCompile>
    <ClCompile Include="src\pbl\pblHeap.c">
      <Filter>Source Files\pbl</Filter>
    </ClCompile>
    <ClCompile Include="src\pbl\pblisam.c">
      <Filter>Source Files\pbl</Filter>
    </ClCompile>
    <ClCompile Include="src\pbl\pblIterator.c">
      <Filter>Source Files\pbl</Filter>
    </ClCompile>
    <ClCompile Include="src\pbl\pblkf.c">
      <Filter>Source Files\pbl</Filter>
    </ClCompile>
    <ClCompile Include="src\pbl\pblList.c">
      <Filter>Source Files\pbl</Filter>
    </ClCompile>
    <ClCompile Include="src\pbl\pblMap.c">
      <Filter>Source Files\pbl</Filter>
    </ClCompile>
    <ClCompile Include="src\pbl\pblPriorityQueue.c">
      <Filter>Source Files\pbl</Filter>
    </ClCompile>
    <ClCompile Include="src\pbl\pblSet.c">
      <Filter>Source Files\pbl</Filter>
    </ClCompile>
    <ClCompile Include="src\pbl\qsorttest.c">
      <Filter>Source Files\pbl</Filter>
    </ClCompile>
    <ClCompile Include="windows.c">
      <Filter>Source Files</Filter>
    </ClCompile>
    <ClCompile Include="dirent.c">
      <Filter>Source Files</Filter>
    </ClCompile>
  </ItemGroup>
  <ItemGroup>
    <ClInclude Include="src\winecrt.h">
      <Filter>Header Files</Filter>
    </ClInclude>
    <ClInclude Include="src\pbl\pbl.h">
      <Filter>Source Files\pbl</Filter>
    </ClInclude>
  </ItemGroup>
  <ItemGroup>
    <None Include="winecrt.def">
      <Filter>Source Files</Filter>
    </None>
  </ItemGroup>
</Project>