<?xml version="1.0" encoding="utf-8"?>
<Project ToolsVersion="4.0" xmlns="http://schemas.microsoft.com/developer/msbuild/2003">
  <ItemGroup>
    <Filter Include="Source Files">
      <UniqueIdentifier>{4FC737F1-C7A5-4376-A066-2A32D752A2FF}</UniqueIdentifier>
      <Extensions>cpp;c;cc;cxx;def;odl;idl;hpj;bat;asm;asmx</Extensions>
    </Filter>
    <Filter Include="Header Files">
      <UniqueIdentifier>{93995380-89BD-4b04-88EB-625FBE52EBFB}</UniqueIdentifier>
      <Extensions>h;hpp;hxx;hm;inl;inc;xsd</Extensions>
    </Filter>
    <Filter Include="Resource Files">
      <UniqueIdentifier>{67DA6AB6-F800-4c08-8B7A-83BB121AAD01}</UniqueIdentifier>
      <Extensions>rc;ico;cur;bmp;dlg;rc2;rct;bin;rgs;gif;jpg;jpeg;jpe;resx;tiff;tif;png;wav;mfcribbon-ms</Extensions>
    </Filter>
    <Filter Include="Source Files\libs">
      <UniqueIdentifier>{daa4cfa9-2795-43c8-8e0c-f90292d0b92c}</UniqueIdentifier>
    </Filter>
    <Filter Include="Source Files\libs\port">
      <UniqueIdentifier>{ac4a1a01-163a-41f8-8724-1aca4c42f17f}</UniqueIdentifier>
    </Filter>
    <Filter Include="Source Files\crt0">
      <UniqueIdentifier>{04923393-3be4-4a4a-84a3-a01e1abf8ace}</UniqueIdentifier>
    </Filter>
  </ItemGroup>
  <ItemGroup>
    <ClCompile Include="..\..\..\..\wine\dlls\ntdll\actctx.c">
      <Filter>Source Files</Filter>
    </ClCompile>
    <ClCompile Include="..\..\..\..\wine\dlls\ntdll\atom.c">
      <Filter>Source Files</Filter>
    </ClCompile>
    <ClCompile Include="..\..\..\..\wine\dlls\ntdll\cdrom.c">
      <Filter>Source Files</Filter>
    </ClCompile>
    <ClCompile Include="..\..\..\..\wine\dlls\ntdll\critsection.c">
      <Filter>Source Files</Filter>
    </ClCompile>
    <ClCompile Include="..\..\..\..\wine\dlls\ntdll\debugbuffer.c">
      <Filter>Source Files</Filter>
    </ClCompile>
    <ClCompile Include="..\..\..\..\wine\dlls\ntdll\debugtools.c">
      <Filter>Source Files</Filter>
    </ClCompile>
    <ClCompile Include="..\..\..\..\wine\dlls\ntdll\directory.c">
      <Filter>Source Files</Filter>
    </ClCompile>
    <ClCompile Include="..\..\..\..\wine\dlls\ntdll\env.c">
      <Filter>Source Files</Filter>
    </ClCompile>
    <ClCompile Include="..\..\..\..\wine\dlls\ntdll\error.c">
      <Filter>Source Files</Filter>
    </ClCompile>
    <ClCompile Include="..\..\..\..\wine\dlls\ntdll\exception.c">
      <Filter>Source Files</Filter>
    </ClCompile>
    <ClCompile Include="..\..\..\..\wine\dlls\ntdll\file.c">
      <Filter>Source Files</Filter>
    </ClCompile>
    <ClCompile Include="..\..\..\..\wine\dlls\ntdll\handletable.c">
      <Filter>Source Files</Filter>
    </ClCompile>
    <ClCompile Include="..\..\..\..\wine\dlls\ntdll\heap.c">
      <Filter>Source Files</Filter>
    </ClCompile>
    <ClCompile Include="..\..\..\..\wine\dlls\ntdll\large_int.c">
      <Filter>Source Files</Filter>
    </ClCompile>
    <ClCompile Include="..\..\..\..\wine\dlls\ntdll\loader.c">
      <Filter>Source Files</Filter>
    </ClCompile>
    <ClCompile Include="..\..\..\..\wine\dlls\ntdll\loadorder.c">
      <Filter>Source Files</Filter>
    </ClCompile>
    <ClCompile Include="..\..\..\..\wine\dlls\ntdll\misc.c">
      <Filter>Source Files</Filter>
    </ClCompile>
    <ClCompile Include="..\..\..\..\wine\dlls\ntdll\nt.c">
      <Filter>Source Files</Filter>
    </ClCompile>
    <ClCompile Include="..\..\..\..\wine\dlls\ntdll\om.c">
      <Filter>Source Files</Filter>
    </ClCompile>
    <ClCompile Include="..\..\..\..\wine\dlls\ntdll\path.c">
      <Filter>Source Files</Filter>
    </ClCompile>
    <ClCompile Include="..\..\..\..\wine\dlls\ntdll\printf.c">
      <Filter>Source Files</Filter>
    </ClCompile>
    <ClCompile Include="..\..\..\..\wine\dlls\ntdll\process.c">
      <Filter>Source Files</Filter>
    </ClCompile>
    <ClCompile Include="..\..\..\..\wine\dlls\ntdll\reg.c">
      <Filter>Source Files</Filter>
    </ClCompile>
    <ClCompile Include="..\..\..\..\wine\dlls\ntdll\relay.c">
      <Filter>Source Files</Filter>
    </ClCompile>
    <ClCompile Include="..\..\..\..\wine\dlls\ntdll\resource.c">
      <Filter>Source Files</Filter>
    </ClCompile>
    <ClCompile Include="..\..\..\..\wine\dlls\ntdll\rtl.c">
      <Filter>Source Files</Filter>
    </ClCompile>
    <ClCompile Include="..\..\..\..\wine\dlls\ntdll\rtlbitmap.c">
      <Filter>Source Files</Filter>
    </ClCompile>
    <ClCompile Include="..\..\..\..\wine\dlls\ntdll\rtlstr.c">
      <Filter>Source Files</Filter>
    </ClCompile>
    <ClCompile Include="..\..\..\..\wine\dlls\ntdll\sec.c">
      <Filter>Source Files</Filter>
    </ClCompile>
    <ClCompile Include="..\..\..\..\wine\dlls\ntdll\serial.c">
      <Filter>Source Files</Filter>
    </ClCompile>
    <ClCompile Include="..\..\..\..\wine\dlls\ntdll\server.c">
      <Filter>Source Files</Filter>
    </ClCompile>
    <ClCompile Include="..\..\..\..\wine\dlls\ntdll\sync.c">
      <Filter>Source Files</Filter>
    </ClCompile>
    <ClCompile Include="..\..\..\..\wine\dlls\ntdll\tape.c">
      <Filter>Source Files</Filter>
    </ClCompile>
    <ClCompile Include="..\..\..\..\wine\dlls\ntdll\thread.c">
      <Filter>Source Files</Filter>
    </ClCompile>
    <ClCompile Include="..\..\..\..\wine\dlls\ntdll\threadpool.c">
      <Filter>Source Files</Filter>
    </ClCompile>
    <ClCompile Include="..\..\..\..\wine\dlls\ntdll\time.c">
      <Filter>Source Files</Filter>
    </ClCompile>
    <ClCompile Include="..\..\..\..\wine\dlls\ntdll\version.c">
      <Filter>Source Files</Filter>
    </ClCompile>
    <ClCompile Include="..\..\..\..\wine\libs\port\interlocked.c">
      <Filter>Source Files\libs\port</Filter>
    </ClCompile>
    <ClCompile Include="..\..\..\..\wine\dlls\ntdll\virtual.c">
      <Filter>Source Files</Filter>
    </ClCompile>
    <ClCompile Include="stub.c">
      <Filter>Source Files</Filter>
    </ClCompile>
    <ClCompile Include="..\..\..\..\wine\dlls\ntdll\signal_i386.c">
      <Filter>Source Files</Filter>
    </ClCompile>
    <ClCompile Include="ntdll.c">
      <Filter>Source Files</Filter>
    </ClCompile>
    <ClCompile Include="..\..\..\..\wine\dlls\winecrt0\exception.c">
      <Filter>Source Files\crt0</Filter>
    </ClCompile>
    <ClCompile Include="..\..\..\..\wine\dlls\winecrt0\init.c">
      <Filter>Source Files\crt0</Filter>
    </ClCompile>
    <ClCompile Include="..\..\..\..\wine\dlls\winecrt0\dll_entry.c">
      <Filter>Source Files\crt0</Filter>
    </ClCompile>
  </ItemGroup>
  <ItemGroup>
    <None Include="ntdll.def">
      <Filter>Source Files</Filter>
    </None>
  </ItemGroup>
</Project>