<?xml version="1.0" encoding="utf-8"?>
<Project ToolsVersion="4.0" xmlns="http://schemas.microsoft.com/developer/msbuild/2003">
  <ItemGroup>
    <Filter Include="Source Files">
      <UniqueIdentifier>{4FC737F1-C7A5-4376-A066-2A32D752A2FF}</UniqueIdentifier>
      <Extensions>cpp;c;cc;cxx;def;odl;idl;hpj;bat;asm;asmx</Extensions>
    </Filter>
    <Filter Include="Header Files">
      <UniqueIdentifier>{93995380-89BD-4b04-88EB-625FBE52EBFB}</UniqueIdentifier>
      <Extensions>h;hh;hpp;hxx;hm;inl;inc;xsd</Extensions>
    </Filter>
    <Filter Include="Resource Files">
      <UniqueIdentifier>{67DA6AB6-F800-4c08-8B7A-83BB121AAD01}</UniqueIdentifier>
      <Extensions>rc;ico;cur;bmp;dlg;rc2;rct;bin;rgs;gif;jpg;jpeg;jpe;resx;tiff;tif;png;wav;mfcribbon-ms</Extensions>
    </Filter>
    <Filter Include="Source Files\cpu">
      <UniqueIdentifier>{15445f52-688c-4b3c-bcb3-12dac146e9e7}</UniqueIdentifier>
    </Filter>
    <Filter Include="Source Files\win32">
      <UniqueIdentifier>{24b323b5-8d6f-436b-9797-a5d5333a9b20}</UniqueIdentifier>
    </Filter>
    <Filter Include="Source Files\sdl">
      <UniqueIdentifier>{56dd5e95-6c9f-4d11-aa91-f9648a68b9fe}</UniqueIdentifier>
    </Filter>
    <Filter Include="Source Files\util">
      <UniqueIdentifier>{1a76827a-b838-4b27-b2d1-710d7829a73b}</UniqueIdentifier>
    </Filter>
    <Filter Include="Source Files\win32\kernel32">
      <UniqueIdentifier>{2fad8889-ddaa-4abf-b692-2e0dc6a409e1}</UniqueIdentifier>
    </Filter>
    <Filter Include="Source Files\win32\include">
      <UniqueIdentifier>{8372a513-bcd2-4cc7-b41c-4ef82e206569}</UniqueIdentifier>
    </Filter>
    <Filter Include="Source Files\util\pbl">
      <UniqueIdentifier>{17a29eb7-8e6e-463e-9f66-f37472b95ea1}</UniqueIdentifier>
    </Filter>
    <Filter Include="Source Files\win32\platform">
      <UniqueIdentifier>{c00716a2-2623-4d0f-a740-b25c9a7ba6fb}</UniqueIdentifier>
    </Filter>
    <Filter Include="Source Files\win32\advapi32">
      <UniqueIdentifier>{57385227-3e20-4840-83ee-1cad0664eede}</UniqueIdentifier>
    </Filter>
    <Filter Include="Source Files\win32\user32">
      <UniqueIdentifier>{fe10f2e8-34ec-43b5-a47a-8175cfd80c1d}</UniqueIdentifier>
    </Filter>
    <Filter Include="Source Files\win32\ntdll">
      <UniqueIdentifier>{d8d1888c-fa95-4578-9a24-721ef5d58198}</UniqueIdentifier>
    </Filter>
    <Filter Include="Source Files\win32\utils">
      <UniqueIdentifier>{cf32eaad-ae8c-4590-a585-520dfa2c626d}</UniqueIdentifier>
    </Filter>
    <Filter Include="Source Files\win32\winelib">
      <UniqueIdentifier>{bed680a2-0d39-4172-8a6c-7de9c25a9356}</UniqueIdentifier>
    </Filter>
  </ItemGroup>
  <ItemGroup>
    <ClInclude Include="..\..\..\..\source\cpu\arith.h">
      <Filter>Source Files\cpu</Filter>
    </ClInclude>
    <ClInclude Include="..\..\..\..\source\cpu\conditions.h">
      <Filter>Source Files\cpu</Filter>
    </ClInclude>
    <ClInclude Include="..\..\..\..\source\cpu\decode.h">
      <Filter>Source Files\cpu</Filter>
    </ClInclude>
    <ClInclude Include="..\..\..\..\source\cpu\decode_noflags.h">
      <Filter>Source Files\cpu</Filter>
    </ClInclude>
    <ClInclude Include="..\..\..\..\source\cpu\fpu.h">
      <Filter>Source Files\cpu</Filter>
    </ClInclude>
    <ClInclude Include="..\..\..\..\source\cpu\incdec.h">
      <Filter>Source Files\cpu</Filter>
    </ClInclude>
    <ClInclude Include="..\..\..\..\source\cpu\instructions.h">
      <Filter>Source Files\cpu</Filter>
    </ClInclude>
    <ClInclude Include="..\..\..\..\source\cpu\ops.h">
      <Filter>Source Files\cpu</Filter>
    </ClInclude>
    <ClInclude Include="..\..\..\..\source\cpu\pushpop.h">
      <Filter>Source Files\cpu</Filter>
    </ClInclude>
    <ClInclude Include="..\..\..\..\source\cpu\setcc.h">
      <Filter>Source Files\cpu</Filter>
    </ClInclude>
    <ClInclude Include="..\..\..\..\source\cpu\shift.h">
      <Filter>Source Files\cpu</Filter>
    </ClInclude>
    <ClInclude Include="..\..\..\..\source\cpu\shift_op.h">
      <Filter>Source Files\cpu</Filter>
    </ClInclude>
    <ClInclude Include="..\..\..\..\source\cpu\strings.h">
      <Filter>Source Files\cpu</Filter>
    </ClInclude>
    <ClInclude Include="..\..\..\..\source\cpu\strings_op.h">
      <Filter>Source Files\cpu</Filter>
    </ClInclude>
    <ClInclude Include="..\..\..\..\include\cpu.h">
      <Filter>Header Files</Filter>
    </ClInclude>
    <ClInclude Include="..\..\..\..\include\decoder.h">
      <Filter>Header Files</Filter>
    </ClInclude>
    <ClInclude Include="..\..\..\..\include\jit.h">
      <Filter>Header Files</Filter>
    </ClInclude>
    <ClInclude Include="..\..\..\..\include\log.h">
      <Filter>Header Files</Filter>
    </ClInclude>
    <ClInclude Include="..\..\..\..\include\platform.h">
      <Filter>Header Files</Filter>
    </ClInclude>
    <ClInclude Include="..\..\..\..\include\reg.h">
      <Filter>Header Files</Filter>
    </ClInclude>
    <ClInclude Include="..\..\..\..\include\op.h">
      <Filter>Header Files</Filter>
    </ClInclude>
    <ClInclude Include="..\..\..\..\include\block.h">
      <Filter>Header Files</Filter>
    </ClInclude>
    <ClInclude Include="..\..\..\..\include\fpu.h">
      <Filter>Header Files</Filter>
    </ClInclude>
    <ClInclude Include="..\..\..\..\include\memory.h">
      <Filter>Header Files</Filter>
    </ClInclude>
    <ClInclude Include="..\..\..\..\include\kprocess.h">
      <Filter>Header Files</Filter>
    </ClInclude>
    <ClInclude Include="..\..\..\..\include\kthread.h">
      <Filter>Header Files</Filter>
    </ClInclude>
    <ClInclude Include="..\..\..\..\include\kalloc.h">
      <Filter>Header Files</Filter>
    </ClInclude>
    <ClInclude Include="..\..\..\..\include\khashmap.h">
      <Filter>Header Files</Filter>
    </ClInclude>
    <ClInclude Include="..\..\..\..\include\loader.h">
      <Filter>Header Files</Filter>
    </ClInclude>
    <ClInclude Include="..\..\..\..\include\kmodule.h">
      <Filter>Header Files</Filter>
    </ClInclude>
    <ClInclude Include="..\..\..\..\include\stringutils.h">
      <Filter>Header Files</Filter>
    </ClInclude>
    <ClInclude Include="..\..\..\..\source\win32\include\winerror.h">
      <Filter>Source Files\win32\include</Filter>
    </ClInclude>
    <ClInclude Include="..\..\..\..\source\win32\include\winhandle.h">
      <Filter>Source Files\win32\include</Filter>
    </ClInclude>
    <ClInclude Include="..\..\..\..\source\win32\include\winbase.h">
      <Filter>Source Files\win32\include</Filter>
    </ClInclude>
    <ClInclude Include="..\..\..\..\include\kmutex.h">
      <Filter>Header Files</Filter>
    </ClInclude>
    <ClInclude Include="..\..\..\..\include\karray.h">
      <Filter>Header Files</Filter>
    </ClInclude>
    <ClInclude Include="..\..\..\..\include\pbl.h">
      <Filter>Header Files</Filter>
    </ClInclude>
    <ClInclude Include="..\..\..\..\include\pathutils.h">
      <Filter>Header Files</Filter>
    </ClInclude>
    <ClInclude Include="..\..\..\..\include\builtin.h">
      <Filter>Header Files</Filter>
    </ClInclude>
    <ClInclude Include="..\..\..\..\source\win32\include\wineincludes.h">
      <Filter>Source Files\win32\include</Filter>
    </ClInclude>
    <ClInclude Include="..\..\..\..\source\win32\include\ntstatus.h">
      <Filter>Source Files\win32\include</Filter>
    </ClInclude>
    <ClInclude Include="..\..\..\..\source\win32\include\unicode.h">
      <Filter>Source Files\win32\include</Filter>
    </ClInclude>
  </ItemGroup>
  <ItemGroup>
    <ClCompile Include="..\..\..\..\source\cpu\cpu.c">
      <Filter>Source Files\cpu</Filter>
    </ClCompile>
    <ClCompile Include="..\..\..\..\source\cpu\decoder.c">
      <Filter>Source Files\cpu</Filter>
    </ClCompile>
    <ClCompile Include="..\..\..\..\source\cpu\instructions.c">
      <Filter>Source Files\cpu</Filter>
    </ClCompile>
    <ClCompile Include="..\..\..\..\source\cpu\jit.c">
      <Filter>Source Files\cpu</Filter>
    </ClCompile>
    <ClCompile Include="..\..\..\..\source\cpu\shift.c">
      <Filter>Source Files\cpu</Filter>
    </ClCompile>
    <ClCompile Include="..\..\..\..\source\cpu\strings.c">
      <Filter>Source Files\cpu</Filter>
    </ClCompile>
    <ClCompile Include="..\..\..\..\source\sdl\main.c">
      <Filter>Source Files\sdl</Filter>
    </ClCompile>
    <ClCompile Include="..\..\..\..\source\win32\loader.c">
      <Filter>Source Files\win32</Filter>
    </ClCompile>
    <ClCompile Include="..\..\..\..\source\util\log.c">
      <Filter>Source Files\util</Filter>
    </ClCompile>
    <ClCompile Include="..\..\..\..\source\util\kalloc.c">
      <Filter>Source Files\util</Filter>
    </ClCompile>
    <ClCompile Include="..\..\..\..\source\win32\kernel32\kprocess.c">
      <Filter>Source Files\win32\kernel32</Filter>
    </ClCompile>
    <ClCompile Include="..\..\..\..\source\util\stringutil.c">
      <Filter>Source Files\util</Filter>
    </ClCompile>
    <ClCompile Include="..\..\..\..\source\win32\kernel32\kernel32.c">
      <Filter>Source Files\win32\kernel32</Filter>
    </ClCompile>
    <ClCompile Include="..\..\..\..\source\win32\kernel32\kmodule.c">
      <Filter>Source Files\win32\kernel32</Filter>
    </ClCompile>
    <ClCompile Include="..\..\..\..\source\win32\kernel32\kthread.c">
      <Filter>Source Files\win32\kernel32</Filter>
    </ClCompile>
    <ClCompile Include="..\..\..\..\source\util\kmutex.c">
      <Filter>Source Files\util</Filter>
    </ClCompile>
    <ClCompile Include="..\..\..\..\source\util\pbl\pbl.c">
      <Filter>Source Files\util\pbl</Filter>
    </ClCompile>
    <ClCompile Include="..\..\..\..\source\util\pbl\pblhash.c">
      <Filter>Source Files\util\pbl</Filter>
    </ClCompile>
    <ClCompile Include="..\..\..\..\source\util\pbl\pblHeap.c">
      <Filter>Source Files\util\pbl</Filter>
    </ClCompile>
    <ClCompile Include="..\..\..\..\source\util\pbl\pblisam.c">
      <Filter>Source Files\util\pbl</Filter>
    </ClCompile>
    <ClCompile Include="..\..\..\..\source\util\pbl\pblIterator.c">
      <Filter>Source Files\util\pbl</Filter>
    </ClCompile>
    <ClCompile Include="..\..\..\..\source\util\pbl\pblkf.c">
      <Filter>Source Files\util\pbl</Filter>
    </ClCompile>
    <ClCompile Include="..\..\..\..\source\util\pbl\pblList.c">
      <Filter>Source Files\util\pbl</Filter>
    </ClCompile>
    <ClCompile Include="..\..\..\..\source\util\pbl\pblMap.c">
      <Filter>Source Files\util\pbl</Filter>
    </ClCompile>
    <ClCompile Include="..\..\..\..\source\util\pbl\pblPriorityQueue.c">
      <Filter>Source Files\util\pbl</Filter>
    </ClCompile>
    <ClCompile Include="..\..\..\..\source\util\pbl\pblSet.c">
      <Filter>Source Files\util\pbl</Filter>
    </ClCompile>
    <ClCompile Include="..\..\..\..\source\util\pbl\qsorttest.c">
      <Filter>Source Files\util\pbl</Filter>
    </ClCompile>
    <ClCompile Include="..\..\..\..\source\util\pbl\pblCollection.c">
      <Filter>Source Files\util\pbl</Filter>
    </ClCompile>
    <ClCompile Include="..\..\..\..\source\win32\system.c">
      <Filter>Source Files\win32</Filter>
    </ClCompile>
    <ClCompile Include="..\..\..\..\source\util\pathutil.c">
      <Filter>Source Files\util</Filter>
    </ClCompile>
    <ClCompile Include="..\..\..\..\source\win32\platform\windows.c">
      <Filter>Source Files\win32\platform</Filter>
    </ClCompile>
    <ClCompile Include="..\..\..\..\source\win32\advapi32\advapi32.c">
      <Filter>Source Files\win32\advapi32</Filter>
    </ClCompile>
    <ClCompile Include="..\..\..\..\source\win32\user32\user32.c">
      <Filter>Source Files\win32\user32</Filter>
    </ClCompile>
    <ClCompile Include="..\..\..\..\source\win32\kernel32\kernel32_locale.c">
      <Filter>Source Files\win32\kernel32</Filter>
    </ClCompile>
    <ClCompile Include="..\..\..\..\source\win32\kernel32\kernel32_time.c">
      <Filter>Source Files\win32\kernel32</Filter>
    </ClCompile>
    <ClCompile Include="..\..\..\..\source\win32\ntdll\ntdll_time.c">
      <Filter>Source Files\win32\ntdll</Filter>
    </ClCompile>
    <ClCompile Include="..\..\..\..\source\win32\ntdll\ntdll_error.c">
      <Filter>Source Files\win32\ntdll</Filter>
    </ClCompile>
    <ClCompile Include="..\..\..\..\source\win32\ntdll\ntdll_resource.c">
      <Filter>Source Files\win32\ntdll</Filter>
    </ClCompile>
    <ClCompile Include="..\..\..\..\source\win32\utils\strncasecmp.c">
      <Filter>Source Files\win32\utils</Filter>
    </ClCompile>
    <ClCompile Include="..\..\..\..\source\win32\utils\strcasecmp.c">
      <Filter>Source Files\win32\utils</Filter>
    </ClCompile>
    <ClCompile Include="..\..\..\..\source\win32\ntdll\ntdll.c">
      <Filter>Source Files\win32\ntdll</Filter>
    </ClCompile>
    <ClCompile Include="..\..\..\..\source\win32\utils\sdl_wine.c">
      <Filter>Source Files\win32\utils</Filter>
    </ClCompile>
    <ClCompile Include="..\..\..\..\source\win32\ntdll\ntdll_critsection.c">
      <Filter>Source Files\win32\ntdll</Filter>
    </ClCompile>
    <ClCompile Include="..\..\..\..\source\win32\user32\user32_lstr.c">
      <Filter>Source Files\win32\user32</Filter>
    </ClCompile>
    <ClCompile Include="..\..\..\..\source\win32\winelib\c_437.c">
      <Filter>Source Files\win32\winelib</Filter>
    </ClCompile>
    <ClCompile Include="..\..\..\..\source\win32\winelib\c_1252.c">
      <Filter>Source Files\win32\winelib</Filter>
    </ClCompile>
    <ClCompile Include="..\..\..\..\source\win32\winelib\casemap.c">
      <Filter>Source Files\win32\winelib</Filter>
    </ClCompile>
    <ClCompile Include="..\..\..\..\source\win32\winelib\collation.c">
      <Filter>Source Files\win32\winelib</Filter>
    </ClCompile>
    <ClCompile Include="..\..\..\..\source\win32\winelib\compose.c">
      <Filter>Source Files\win32\winelib</Filter>
    </ClCompile>
    <ClCompile Include="..\..\..\..\source\win32\winelib\cptable.c">
      <Filter>Source Files\win32\winelib</Filter>
    </ClCompile>
    <ClCompile Include="..\..\..\..\source\win32\winelib\fold.c">
      <Filter>Source Files\win32\winelib</Filter>
    </ClCompile>
    <ClCompile Include="..\..\..\..\source\win32\winelib\mbtowc.c">
      <Filter>Source Files\win32\winelib</Filter>
    </ClCompile>
    <ClCompile Include="..\..\..\..\source\win32\winelib\nameprep.c">
      <Filter>Source Files\win32\winelib</Filter>
    </ClCompile>
    <ClCompile Include="..\..\..\..\source\win32\winelib\sortkey.c">
      <Filter>Source Files\win32\winelib</Filter>
    </ClCompile>
    <ClCompile Include="..\..\..\..\source\win32\winelib\string.c">
      <Filter>Source Files\win32\winelib</Filter>
    </ClCompile>
    <ClCompile Include="..\..\..\..\source\win32\winelib\utf8.c">
      <Filter>Source Files\win32\winelib</Filter>
    </ClCompile>
    <ClCompile Include="..\..\..\..\source\win32\winelib\wctomb.c">
      <Filter>Source Files\win32\winelib</Filter>
    </ClCompile>
    <ClCompile Include="..\..\..\..\source\win32\winelib\wctype.c">
      <Filter>Source Files\win32\winelib</Filter>
    </ClCompile>
  </ItemGroup>
</Project>