
Microsoft Visual Studio Solution File, Format Version 12.00
# Visual Studio 14
VisualStudioVersion = 14.0.24720.0
MinimumVisualStudioVersion = 10.0.40219.1
Project("{8BC9CEB8-8B4A-11D0-8D11-00A0C91BC942}") = "BoxedWine", "BoxedWine\BoxedWine.vcxproj", "{340139BF-58B7-4720-8BFD-A5C5265C28BB}"
	ProjectSection(ProjectDependencies) = postProject
		{0A1CFA34-6816-44B3-BA0B-E98527D89D87} = {0A1CFA34-6816-44B3-BA0B-E98527D89D87}
		{481CB44E-2CB9-4D0C-8690-797CBA91BD2D} = {481CB44E-2CB9-4D0C-8690-797CBA91BD2D}
		{A3AAD557-2723-4F0C-8EFD-4293F6BD9D11} = {A3AAD557-2723-4F0C-8EFD-4293F6BD9D11}
		{ECDEFF58-A0D9-4709-9DE4-2D4A23CC906B} = {ECDEFF58-A0D9-4709-9DE4-2D4A23CC906B}
		{48F95B7C-B540-4AD0-A580-27CE06725659} = {48F95B7C-B540-4AD0-A580-27CE06725659}
		{DBF30480-821C-4FCB-AC18-BC2665D8DF98} = {DBF30480-821C-4FCB-AC18-BC2665D8DF98}
		{438E6994-99B3-489E-AFC3-FE91D5B1C332} = {438E6994-99B3-489E-AFC3-FE91D5B1C332}
		{778E81A7-5813-4AF1-9B26-88D5D0631ECF} = {778E81A7-5813-4AF1-9B26-88D5D0631ECF}
		{B3FFC3A9-7A6C-4D84-8303-AFA04B1E09E4} = {B3FFC3A9-7A6C-4D84-8303-AFA04B1E09E4}
		{A71D79B1-D8B2-4B4E-BF8D-DEBC1162CF7B} = {A71D79B1-D8B2-4B4E-BF8D-DEBC1162CF7B}
		{4D2975C4-C084-4B8E-9266-BB4BD1B9ADB4} = {4D2975C4-C084-4B8E-9266-BB4BD1B9ADB4}
		{BC7902D5-B5E3-4338-975F-12F1C9E66F5F} = {BC7902D5-B5E3-4338-975F-12F1C9E66F5F}
		{0B4E3BDE-AC83-4025-AECF-4827EDEA1218} = {0B4E3BDE-AC83-4025-AECF-4827EDEA1218}
		{28EE1BF9-5A49-49B1-B67B-944D4E552234} = {28EE1BF9-5A49-49B1-B67B-944D4E552234}
		{1D62FDFB-CA20-4B03-B65F-175AEEBF5137} = {1D62FDFB-CA20-4B03-B65F-175AEEBF5137}
	EndProjectSection
EndProject
Project("{8BC9CEB8-8B4A-11D0-8D11-00A0C91BC942}") = "server", "server\server.vcxproj", "{DBF30480-821C-4FCB-AC18-BC2665D8DF98}"
	ProjectSection(ProjectDependencies) = postProject
		{A3AAD557-2723-4F0C-8EFD-4293F6BD9D11} = {A3AAD557-2723-4F0C-8EFD-4293F6BD9D11}
		{0B4E3BDE-AC83-4025-AECF-4827EDEA1218} = {0B4E3BDE-AC83-4025-AECF-4827EDEA1218}
	EndProjectSection
EndProject
Project("{8BC9CEB8-8B4A-11D0-8D11-00A0C91BC942}") = "PreBuild", "PreBuild\PreBuild.vcxproj", "{778E81A7-5813-4AF1-9B26-88D5D0631ECF}"
EndProject
Project("{8BC9CEB8-8B4A-11D0-8D11-00A0C91BC942}") = "ntdll", "ntdll\ntdll.vcxproj", "{1D62FDFB-CA20-4B03-B65F-175AEEBF5137}"
	ProjectSection(ProjectDependencies) = postProject
		{A3AAD557-2723-4F0C-8EFD-4293F6BD9D11} = {A3AAD557-2723-4F0C-8EFD-4293F6BD9D11}
		{0B4E3BDE-AC83-4025-AECF-4827EDEA1218} = {0B4E3BDE-AC83-4025-AECF-4827EDEA1218}
	EndProjectSection
EndProject
Project("{8BC9CEB8-8B4A-11D0-8D11-00A0C91BC942}") = "winelib", "winelib\winelib.vcxproj", "{0B4E3BDE-AC83-4025-AECF-4827EDEA1218}"
	ProjectSection(ProjectDependencies) = postProject
		{A3AAD557-2723-4F0C-8EFD-4293F6BD9D11} = {A3AAD557-2723-4F0C-8EFD-4293F6BD9D11}
	EndProjectSection
EndProject
Project("{8BC9CEB8-8B4A-11D0-8D11-00A0C91BC942}") = "winecrt", "winecrt\winecrt.vcxproj", "{A3AAD557-2723-4F0C-8EFD-4293F6BD9D11}"
EndProject
Project("{8BC9CEB8-8B4A-11D0-8D11-00A0C91BC942}") = "kernel32", "kernel32\kernel32.vcxproj", "{28EE1BF9-5A49-49B1-B67B-944D4E552234}"
	ProjectSection(ProjectDependencies) = postProject
		{A3AAD557-2723-4F0C-8EFD-4293F6BD9D11} = {A3AAD557-2723-4F0C-8EFD-4293F6BD9D11}
		{0B4E3BDE-AC83-4025-AECF-4827EDEA1218} = {0B4E3BDE-AC83-4025-AECF-4827EDEA1218}
		{1D62FDFB-CA20-4B03-B65F-175AEEBF5137} = {1D62FDFB-CA20-4B03-B65F-175AEEBF5137}
	EndProjectSection
EndProject
Project("{8BC9CEB8-8B4A-11D0-8D11-00A0C91BC942}") = "advapi32", "advapi32\advapi32.vcxproj", "{48F95B7C-B540-4AD0-A580-27CE06725659}"
	ProjectSection(ProjectDependencies) = postProject
		{A3AAD557-2723-4F0C-8EFD-4293F6BD9D11} = {A3AAD557-2723-4F0C-8EFD-4293F6BD9D11}
		{778E81A7-5813-4AF1-9B26-88D5D0631ECF} = {778E81A7-5813-4AF1-9B26-88D5D0631ECF}
		{0B4E3BDE-AC83-4025-AECF-4827EDEA1218} = {0B4E3BDE-AC83-4025-AECF-4827EDEA1218}
		{28EE1BF9-5A49-49B1-B67B-944D4E552234} = {28EE1BF9-5A49-49B1-B67B-944D4E552234}
	EndProjectSection
EndProject
Project("{8BC9CEB8-8B4A-11D0-8D11-00A0C91BC942}") = "rpcrt4", "rpcrt4\rpcrt4.vcxproj", "{80989600-BA3A-427F-9D30-DFFCF3C19C2B}"
	ProjectSection(ProjectDependencies) = postProject
		{481CB44E-2CB9-4D0C-8690-797CBA91BD2D} = {481CB44E-2CB9-4D0C-8690-797CBA91BD2D}
		{A3AAD557-2723-4F0C-8EFD-4293F6BD9D11} = {A3AAD557-2723-4F0C-8EFD-4293F6BD9D11}
		{B3FFC3A9-7A6C-4D84-8303-AFA04B1E09E4} = {B3FFC3A9-7A6C-4D84-8303-AFA04B1E09E4}
		{BC7902D5-B5E3-4338-975F-12F1C9E66F5F} = {BC7902D5-B5E3-4338-975F-12F1C9E66F5F}
		{0B4E3BDE-AC83-4025-AECF-4827EDEA1218} = {0B4E3BDE-AC83-4025-AECF-4827EDEA1218}
		{28EE1BF9-5A49-49B1-B67B-944D4E552234} = {28EE1BF9-5A49-49B1-B67B-944D4E552234}
		{1D62FDFB-CA20-4B03-B65F-175AEEBF5137} = {1D62FDFB-CA20-4B03-B65F-175AEEBF5137}
	EndProjectSection
EndProject
Project("{8BC9CEB8-8B4A-11D0-8D11-00A0C91BC942}") = "secur32", "secur32\secur32.vcxproj", "{B3FFC3A9-7A6C-4D84-8303-AFA04B1E09E4}"
	ProjectSection(ProjectDependencies) = postProject
		{A3AAD557-2723-4F0C-8EFD-4293F6BD9D11} = {A3AAD557-2723-4F0C-8EFD-4293F6BD9D11}
		{48F95B7C-B540-4AD0-A580-27CE06725659} = {48F95B7C-B540-4AD0-A580-27CE06725659}
		{778E81A7-5813-4AF1-9B26-88D5D0631ECF} = {778E81A7-5813-4AF1-9B26-88D5D0631ECF}
		{0B4E3BDE-AC83-4025-AECF-4827EDEA1218} = {0B4E3BDE-AC83-4025-AECF-4827EDEA1218}
		{28EE1BF9-5A49-49B1-B67B-944D4E552234} = {28EE1BF9-5A49-49B1-B67B-944D4E552234}
		{1D62FDFB-CA20-4B03-B65F-175AEEBF5137} = {1D62FDFB-CA20-4B03-B65F-175AEEBF5137}
	EndProjectSection
EndProject
Project("{8BC9CEB8-8B4A-11D0-8D11-00A0C91BC942}") = "uuid", "uuid\uuid.vcxproj", "{BC7902D5-B5E3-4338-975F-12F1C9E66F5F}"
	ProjectSection(ProjectDependencies) = postProject
		{778E81A7-5813-4AF1-9B26-88D5D0631ECF} = {778E81A7-5813-4AF1-9B26-88D5D0631ECF}
	EndProjectSection
EndProject
Project("{8BC9CEB8-8B4A-11D0-8D11-00A0C91BC942}") = "iphlpapi", "iphlpapi\iphlpapi.vcxproj", "{481CB44E-2CB9-4D0C-8690-797CBA91BD2D}"
	ProjectSection(ProjectDependencies) = postProject
		{A3AAD557-2723-4F0C-8EFD-4293F6BD9D11} = {A3AAD557-2723-4F0C-8EFD-4293F6BD9D11}
		{48F95B7C-B540-4AD0-A580-27CE06725659} = {48F95B7C-B540-4AD0-A580-27CE06725659}
		{0B4E3BDE-AC83-4025-AECF-4827EDEA1218} = {0B4E3BDE-AC83-4025-AECF-4827EDEA1218}
	EndProjectSection
EndProject
Project("{8BC9CEB8-8B4A-11D0-8D11-00A0C91BC942}") = "user32", "user32\user32.vcxproj", "{ECDEFF58-A0D9-4709-9DE4-2D4A23CC906B}"
EndProject
Project("{8BC9CEB8-8B4A-11D0-8D11-00A0C91BC942}") = "gdi32", "gdi32\gdi32.vcxproj", "{438E6994-99B3-489E-AFC3-FE91D5B1C332}"
	ProjectSection(ProjectDependencies) = postProject
		{A3AAD557-2723-4F0C-8EFD-4293F6BD9D11} = {A3AAD557-2723-4F0C-8EFD-4293F6BD9D11}
		{48F95B7C-B540-4AD0-A580-27CE06725659} = {48F95B7C-B540-4AD0-A580-27CE06725659}
		{0B4E3BDE-AC83-4025-AECF-4827EDEA1218} = {0B4E3BDE-AC83-4025-AECF-4827EDEA1218}
		{28EE1BF9-5A49-49B1-B67B-944D4E552234} = {28EE1BF9-5A49-49B1-B67B-944D4E552234}
		{1D62FDFB-CA20-4B03-B65F-175AEEBF5137} = {1D62FDFB-CA20-4B03-B65F-175AEEBF5137}
	EndProjectSection
EndProject
Project("{8BC9CEB8-8B4A-11D0-8D11-00A0C91BC942}") = "usp10", "usp10\usp10.vcxproj", "{4D2975C4-C084-4B8E-9266-BB4BD1B9ADB4}"
	ProjectSection(ProjectDependencies) = postProject
		{A3AAD557-2723-4F0C-8EFD-4293F6BD9D11} = {A3AAD557-2723-4F0C-8EFD-4293F6BD9D11}
		{48F95B7C-B540-4AD0-A580-27CE06725659} = {48F95B7C-B540-4AD0-A580-27CE06725659}
		{438E6994-99B3-489E-AFC3-FE91D5B1C332} = {438E6994-99B3-489E-AFC3-FE91D5B1C332}
		{778E81A7-5813-4AF1-9B26-88D5D0631ECF} = {778E81A7-5813-4AF1-9B26-88D5D0631ECF}
		{0B4E3BDE-AC83-4025-AECF-4827EDEA1218} = {0B4E3BDE-AC83-4025-AECF-4827EDEA1218}
		{28EE1BF9-5A49-49B1-B67B-944D4E552234} = {28EE1BF9-5A49-49B1-B67B-944D4E552234}
	EndProjectSection
EndProject
Project("{8BC9CEB8-8B4A-11D0-8D11-00A0C91BC942}") = "version", "version\version.vcxproj", "{0A1CFA34-6816-44B3-BA0B-E98527D89D87}"
	ProjectSection(ProjectDependencies) = postProject
		{A3AAD557-2723-4F0C-8EFD-4293F6BD9D11} = {A3AAD557-2723-4F0C-8EFD-4293F6BD9D11}
		{0B4E3BDE-AC83-4025-AECF-4827EDEA1218} = {0B4E3BDE-AC83-4025-AECF-4827EDEA1218}
		{28EE1BF9-5A49-49B1-B67B-944D4E552234} = {28EE1BF9-5A49-49B1-B67B-944D4E552234}
		{1D62FDFB-CA20-4B03-B65F-175AEEBF5137} = {1D62FDFB-CA20-4B03-B65F-175AEEBF5137}
	EndProjectSection
EndProject
Project("{8BC9CEB8-8B4A-11D0-8D11-00A0C91BC942}") = "imm32", "imm32\imm32.vcxproj", "{A71D79B1-D8B2-4B4E-BF8D-DEBC1162CF7B}"
	ProjectSection(ProjectDependencies) = postProject
		{A3AAD557-2723-4F0C-8EFD-4293F6BD9D11} = {A3AAD557-2723-4F0C-8EFD-4293F6BD9D11}
		{ECDEFF58-A0D9-4709-9DE4-2D4A23CC906B} = {ECDEFF58-A0D9-4709-9DE4-2D4A23CC906B}
		{48F95B7C-B540-4AD0-A580-27CE06725659} = {48F95B7C-B540-4AD0-A580-27CE06725659}
		{0B4E3BDE-AC83-4025-AECF-4827EDEA1218} = {0B4E3BDE-AC83-4025-AECF-4827EDEA1218}
		{28EE1BF9-5A49-49B1-B67B-944D4E552234} = {28EE1BF9-5A49-49B1-B67B-944D4E552234}
	EndProjectSection
EndProject
Global
	GlobalSection(SolutionConfigurationPlatforms) = preSolution
		Debug|x64 = Debug|x64
		Debug|x86 = Debug|x86
		Release|x64 = Release|x64
		Release|x86 = Release|x86
	EndGlobalSection
	GlobalSection(ProjectConfigurationPlatforms) = postSolution
		{340139BF-58B7-4720-8BFD-A5C5265C28BB}.Debug|x64.ActiveCfg = Debug|x64
		{340139BF-58B7-4720-8BFD-A5C5265C28BB}.Debug|x64.Build.0 = Debug|x64
		{340139BF-58B7-4720-8BFD-A5C5265C28BB}.Debug|x86.ActiveCfg = Debug|Win32
		{340139BF-58B7-4720-8BFD-A5C5265C28BB}.Debug|x86.Build.0 = Debug|Win32
		{340139BF-58B7-4720-8BFD-A5C5265C28BB}.Release|x64.ActiveCfg = Release|x64
		{340139BF-58B7-4720-8BFD-A5C5265C28BB}.Release|x64.Build.0 = Release|x64
		{340139BF-58B7-4720-8BFD-A5C5265C28BB}.Release|x86.ActiveCfg = Release|Win32
		{340139BF-58B7-4720-8BFD-A5C5265C28BB}.Release|x86.Build.0 = Release|Win32
		{DBF30480-821C-4FCB-AC18-BC2665D8DF98}.Debug|x64.ActiveCfg = Debug|x64
		{DBF30480-821C-4FCB-AC18-BC2665D8DF98}.Debug|x64.Build.0 = Debug|x64
		{DBF30480-821C-4FCB-AC18-BC2665D8DF98}.Debug|x86.ActiveCfg = Debug|Win32
		{DBF30480-821C-4FCB-AC18-BC2665D8DF98}.Debug|x86.Build.0 = Debug|Win32
		{DBF30480-821C-4FCB-AC18-BC2665D8DF98}.Release|x64.ActiveCfg = Release|x64
		{DBF30480-821C-4FCB-AC18-BC2665D8DF98}.Release|x64.Build.0 = Release|x64
		{DBF30480-821C-4FCB-AC18-BC2665D8DF98}.Release|x86.ActiveCfg = Release|Win32
		{DBF30480-821C-4FCB-AC18-BC2665D8DF98}.Release|x86.Build.0 = Release|Win32
		{778E81A7-5813-4AF1-9B26-88D5D0631ECF}.Debug|x64.ActiveCfg = Debug|x64
		{778E81A7-5813-4AF1-9B26-88D5D0631ECF}.Debug|x64.Build.0 = Debug|x64
		{778E81A7-5813-4AF1-9B26-88D5D0631ECF}.Debug|x86.ActiveCfg = Debug|Win32
		{778E81A7-5813-4AF1-9B26-88D5D0631ECF}.Debug|x86.Build.0 = Debug|Win32
		{778E81A7-5813-4AF1-9B26-88D5D0631ECF}.Release|x64.ActiveCfg = Release|x64
		{778E81A7-5813-4AF1-9B26-88D5D0631ECF}.Release|x64.Build.0 = Release|x64
		{778E81A7-5813-4AF1-9B26-88D5D0631ECF}.Release|x86.ActiveCfg = Release|Win32
		{778E81A7-5813-4AF1-9B26-88D5D0631ECF}.Release|x86.Build.0 = Release|Win32
		{1D62FDFB-CA20-4B03-B65F-175AEEBF5137}.Debug|x64.ActiveCfg = Debug|x64
		{1D62FDFB-CA20-4B03-B65F-175AEEBF5137}.Debug|x64.Build.0 = Debug|x64
		{1D62FDFB-CA20-4B03-B65F-175AEEBF5137}.Debug|x86.ActiveCfg = Debug|Win32
		{1D62FDFB-CA20-4B03-B65F-175AEEBF5137}.Debug|x86.Build.0 = Debug|Win32
		{1D62FDFB-CA20-4B03-B65F-175AEEBF5137}.Release|x64.ActiveCfg = Release|x64
		{1D62FDFB-CA20-4B03-B65F-175AEEBF5137}.Release|x64.Build.0 = Release|x64
		{1D62FDFB-CA20-4B03-B65F-175AEEBF5137}.Release|x86.ActiveCfg = Release|Win32
		{1D62FDFB-CA20-4B03-B65F-175AEEBF5137}.Release|x86.Build.0 = Release|Win32
		{0B4E3BDE-AC83-4025-AECF-4827EDEA1218}.Debug|x64.ActiveCfg = Debug|x64
		{0B4E3BDE-AC83-4025-AECF-4827EDEA1218}.Debug|x64.Build.0 = Debug|x64
		{0B4E3BDE-AC83-4025-AECF-4827EDEA1218}.Debug|x86.ActiveCfg = Debug|Win32
		{0B4E3BDE-AC83-4025-AECF-4827EDEA1218}.Debug|x86.Build.0 = Debug|Win32
		{0B4E3BDE-AC83-4025-AECF-4827EDEA1218}.Release|x64.ActiveCfg = Release|x64
		{0B4E3BDE-AC83-4025-AECF-4827EDEA1218}.Release|x64.Build.0 = Release|x64
		{0B4E3BDE-AC83-4025-AECF-4827EDEA1218}.Release|x86.ActiveCfg = Release|Win32
		{0B4E3BDE-AC83-4025-AECF-4827EDEA1218}.Release|x86.Build.0 = Release|Win32
		{A3AAD557-2723-4F0C-8EFD-4293F6BD9D11}.Debug|x64.ActiveCfg = Debug|x64
		{A3AAD557-2723-4F0C-8EFD-4293F6BD9D11}.Debug|x64.Build.0 = Debug|x64
		{A3AAD557-2723-4F0C-8EFD-4293F6BD9D11}.Debug|x86.ActiveCfg = Debug|Win32
		{A3AAD557-2723-4F0C-8EFD-4293F6BD9D11}.Debug|x86.Build.0 = Debug|Win32
		{A3AAD557-2723-4F0C-8EFD-4293F6BD9D11}.Release|x64.ActiveCfg = Release|x64
		{A3AAD557-2723-4F0C-8EFD-4293F6BD9D11}.Release|x64.Build.0 = Release|x64
		{A3AAD557-2723-4F0C-8EFD-4293F6BD9D11}.Release|x86.ActiveCfg = Release|Win32
		{A3AAD557-2723-4F0C-8EFD-4293F6BD9D11}.Release|x86.Build.0 = Release|Win32
		{28EE1BF9-5A49-49B1-B67B-944D4E552234}.Debug|x64.ActiveCfg = Debug|x64
		{28EE1BF9-5A49-49B1-B67B-944D4E552234}.Debug|x64.Build.0 = Debug|x64
		{28EE1BF9-5A49-49B1-B67B-944D4E552234}.Debug|x86.ActiveCfg = Debug|Win32
		{28EE1BF9-5A49-49B1-B67B-944D4E552234}.Debug|x86.Build.0 = Debug|Win32
		{28EE1BF9-5A49-49B1-B67B-944D4E552234}.Release|x64.ActiveCfg = Release|x64
		{28EE1BF9-5A49-49B1-B67B-944D4E552234}.Release|x64.Build.0 = Release|x64
		{28EE1BF9-5A49-49B1-B67B-944D4E552234}.Release|x86.ActiveCfg = Release|Win32
		{28EE1BF9-5A49-49B1-B67B-944D4E552234}.Release|x86.Build.0 = Release|Win32
		{48F95B7C-B540-4AD0-A580-27CE06725659}.Debug|x64.ActiveCfg = Debug|x64
		{48F95B7C-B540-4AD0-A580-27CE06725659}.Debug|x64.Build.0 = Debug|x64
		{48F95B7C-B540-4AD0-A580-27CE06725659}.Debug|x86.ActiveCfg = Debug|Win32
		{48F95B7C-B540-4AD0-A580-27CE06725659}.Debug|x86.Build.0 = Debug|Win32
		{48F95B7C-B540-4AD0-A580-27CE06725659}.Release|x64.ActiveCfg = Release|x64
		{48F95B7C-B540-4AD0-A580-27CE06725659}.Release|x64.Build.0 = Release|x64
		{48F95B7C-B540-4AD0-A580-27CE06725659}.Release|x86.ActiveCfg = Release|Win32
		{48F95B7C-B540-4AD0-A580-27CE06725659}.Release|x86.Build.0 = Release|Win32
		{80989600-BA3A-427F-9D30-DFFCF3C19C2B}.Debug|x64.ActiveCfg = Debug|x64
		{80989600-BA3A-427F-9D30-DFFCF3C19C2B}.Debug|x64.Build.0 = Debug|x64
		{80989600-BA3A-427F-9D30-DFFCF3C19C2B}.Debug|x86.ActiveCfg = Debug|Win32
		{80989600-BA3A-427F-9D30-DFFCF3C19C2B}.Debug|x86.Build.0 = Debug|Win32
		{80989600-BA3A-427F-9D30-DFFCF3C19C2B}.Release|x64.ActiveCfg = Release|x64
		{80989600-BA3A-427F-9D30-DFFCF3C19C2B}.Release|x64.Build.0 = Release|x64
		{80989600-BA3A-427F-9D30-DFFCF3C19C2B}.Release|x86.ActiveCfg = Release|Win32
		{80989600-BA3A-427F-9D30-DFFCF3C19C2B}.Release|x86.Build.0 = Release|Win32
		{B3FFC3A9-7A6C-4D84-8303-AFA04B1E09E4}.Debug|x64.ActiveCfg = Debug|x64
		{B3FFC3A9-7A6C-4D84-8303-AFA04B1E09E4}.Debug|x64.Build.0 = Debug|x64
		{B3FFC3A9-7A6C-4D84-8303-AFA04B1E09E4}.Debug|x86.ActiveCfg = Debug|Win32
		{B3FFC3A9-7A6C-4D84-8303-AFA04B1E09E4}.Debug|x86.Build.0 = Debug|Win32
		{B3FFC3A9-7A6C-4D84-8303-AFA04B1E09E4}.Release|x64.ActiveCfg = Release|x64
		{B3FFC3A9-7A6C-4D84-8303-AFA04B1E09E4}.Release|x64.Build.0 = Release|x64
		{B3FFC3A9-7A6C-4D84-8303-AFA04B1E09E4}.Release|x86.ActiveCfg = Release|Win32
		{B3FFC3A9-7A6C-4D84-8303-AFA04B1E09E4}.Release|x86.Build.0 = Release|Win32
		{BC7902D5-B5E3-4338-975F-12F1C9E66F5F}.Debug|x64.ActiveCfg = Debug|x64
		{BC7902D5-B5E3-4338-975F-12F1C9E66F5F}.Debug|x64.Build.0 = Debug|x64
		{BC7902D5-B5E3-4338-975F-12F1C9E66F5F}.Debug|x86.ActiveCfg = Debug|Win32
		{BC7902D5-B5E3-4338-975F-12F1C9E66F5F}.Debug|x86.Build.0 = Debug|Win32
		{BC7902D5-B5E3-4338-975F-12F1C9E66F5F}.Release|x64.ActiveCfg = Release|x64
		{BC7902D5-B5E3-4338-975F-12F1C9E66F5F}.Release|x64.Build.0 = Release|x64
		{BC7902D5-B5E3-4338-975F-12F1C9E66F5F}.Release|x86.ActiveCfg = Release|Win32
		{BC7902D5-B5E3-4338-975F-12F1C9E66F5F}.Release|x86.Build.0 = Release|Win32
		{481CB44E-2CB9-4D0C-8690-797CBA91BD2D}.Debug|x64.ActiveCfg = Debug|x64
		{481CB44E-2CB9-4D0C-8690-797CBA91BD2D}.Debug|x64.Build.0 = Debug|x64
		{481CB44E-2CB9-4D0C-8690-797CBA91BD2D}.Debug|x86.ActiveCfg = Debug|Win32
		{481CB44E-2CB9-4D0C-8690-797CBA91BD2D}.Debug|x86.Build.0 = Debug|Win32
		{481CB44E-2CB9-4D0C-8690-797CBA91BD2D}.Release|x64.ActiveCfg = Release|x64
		{481CB44E-2CB9-4D0C-8690-797CBA91BD2D}.Release|x64.Build.0 = Release|x64
		{481CB44E-2CB9-4D0C-8690-797CBA91BD2D}.Release|x86.ActiveCfg = Release|Win32
		{481CB44E-2CB9-4D0C-8690-797CBA91BD2D}.Release|x86.Build.0 = Release|Win32
		{ECDEFF58-A0D9-4709-9DE4-2D4A23CC906B}.Debug|x64.ActiveCfg = Debug|x64
		{ECDEFF58-A0D9-4709-9DE4-2D4A23CC906B}.Debug|x64.Build.0 = Debug|x64
		{ECDEFF58-A0D9-4709-9DE4-2D4A23CC906B}.Debug|x86.ActiveCfg = Debug|Win32
		{ECDEFF58-A0D9-4709-9DE4-2D4A23CC906B}.Debug|x86.Build.0 = Debug|Win32
		{ECDEFF58-A0D9-4709-9DE4-2D4A23CC906B}.Release|x64.ActiveCfg = Release|x64
		{ECDEFF58-A0D9-4709-9DE4-2D4A23CC906B}.Release|x64.Build.0 = Release|x64
		{ECDEFF58-A0D9-4709-9DE4-2D4A23CC906B}.Release|x86.ActiveCfg = Release|Win32
		{ECDEFF58-A0D9-4709-9DE4-2D4A23CC906B}.Release|x86.Build.0 = Release|Win32
		{438E6994-99B3-489E-AFC3-FE91D5B1C332}.Debug|x64.ActiveCfg = Debug|x64
		{438E6994-99B3-489E-AFC3-FE91D5B1C332}.Debug|x64.Build.0 = Debug|x64
		{438E6994-99B3-489E-AFC3-FE91D5B1C332}.Debug|x86.ActiveCfg = Debug|Win32
		{438E6994-99B3-489E-AFC3-FE91D5B1C332}.Debug|x86.Build.0 = Debug|Win32
		{438E6994-99B3-489E-AFC3-FE91D5B1C332}.Release|x64.ActiveCfg = Release|x64
		{438E6994-99B3-489E-AFC3-FE91D5B1C332}.Release|x64.Build.0 = Release|x64
		{438E6994-99B3-489E-AFC3-FE91D5B1C332}.Release|x86.ActiveCfg = Release|Win32
		{438E6994-99B3-489E-AFC3-FE91D5B1C332}.Release|x86.Build.0 = Release|Win32
		{4D2975C4-C084-4B8E-9266-BB4BD1B9ADB4}.Debug|x64.ActiveCfg = Debug|x64
		{4D2975C4-C084-4B8E-9266-BB4BD1B9ADB4}.Debug|x64.Build.0 = Debug|x64
		{4D2975C4-C084-4B8E-9266-BB4BD1B9ADB4}.Debug|x86.ActiveCfg = Debug|Win32
		{4D2975C4-C084-4B8E-9266-BB4BD1B9ADB4}.Debug|x86.Build.0 = Debug|Win32
		{4D2975C4-C084-4B8E-9266-BB4BD1B9ADB4}.Release|x64.ActiveCfg = Release|x64
		{4D2975C4-C084-4B8E-9266-BB4BD1B9ADB4}.Release|x64.Build.0 = Release|x64
		{4D2975C4-C084-4B8E-9266-BB4BD1B9ADB4}.Release|x86.ActiveCfg = Release|Win32
		{4D2975C4-C084-4B8E-9266-BB4BD1B9ADB4}.Release|x86.Build.0 = Release|Win32
		{0A1CFA34-6816-44B3-BA0B-E98527D89D87}.Debug|x64.ActiveCfg = Debug|x64
		{0A1CFA34-6816-44B3-BA0B-E98527D89D87}.Debug|x64.Build.0 = Debug|x64
		{0A1CFA34-6816-44B3-BA0B-E98527D89D87}.Debug|x86.ActiveCfg = Debug|Win32
		{0A1CFA34-6816-44B3-BA0B-E98527D89D87}.Debug|x86.Build.0 = Debug|Win32
		{0A1CFA34-6816-44B3-BA0B-E98527D89D87}.Release|x64.ActiveCfg = Release|x64
		{0A1CFA34-6816-44B3-BA0B-E98527D89D87}.Release|x64.Build.0 = Release|x64
		{0A1CFA34-6816-44B3-BA0B-E98527D89D87}.Release|x86.ActiveCfg = Release|Win32
		{0A1CFA34-6816-44B3-BA0B-E98527D89D87}.Release|x86.Build.0 = Release|Win32
		{A71D79B1-D8B2-4B4E-BF8D-DEBC1162CF7B}.Debug|x64.ActiveCfg = Debug|x64
		{A71D79B1-D8B2-4B4E-BF8D-DEBC1162CF7B}.Debug|x64.Build.0 = Debug|x64
		{A71D79B1-D8B2-4B4E-BF8D-DEBC1162CF7B}.Debug|x86.ActiveCfg = Debug|Win32
		{A71D79B1-D8B2-4B4E-BF8D-DEBC1162CF7B}.Debug|x86.Build.0 = Debug|Win32
		{A71D79B1-D8B2-4B4E-BF8D-DEBC1162CF7B}.Release|x64.ActiveCfg = Release|x64
		{A71D79B1-D8B2-4B4E-BF8D-DEBC1162CF7B}.Release|x64.Build.0 = Release|x64
		{A71D79B1-D8B2-4B4E-BF8D-DEBC1162CF7B}.Release|x86.ActiveCfg = Release|Win32
		{A71D79B1-D8B2-4B4E-BF8D-DEBC1162CF7B}.Release|x86.Build.0 = Release|Win32
	EndGlobalSection
	GlobalSection(SolutionProperties) = preSolution
		HideSolutionNode = FALSE
	EndGlobalSection
EndGlobal
